{
  "name": "agentix-plugins",
  "version": "0.1.0",
  "lockfileVersion": 3,
  "requires": true,
  "packages": {
    "": {
      "name": "agentix-plugins",
      "version": "0.1.0",
      "license": "MIT",
      "workspaces": [
        "plugins/agent-task-manager"
      ]
    },
    "node_modules/@sinclair/typebox": {
      "version": "0.34.52",
      "resolved": "https://registry.npmjs.org/@sinclair/typebox/-/typebox-0.34.52.tgz",
      "integrity": "sha512-XiMQh7qqVlxZzcVD+kkGMNGMzcTrDMLWI7S4x7z1MkCkbDPrekpZXEUK0eZqZFMuHQg2a2DZOcDIh9o5v3Gonw==",
      "license": "MIT"
    },
    "node_modules/agent-task-manager": {
      "resolved": "plugins/agent-task-manager",
      "link": true
    },
    "plugins/agent-task-manager": {
      "version": "0.1.0",
      "license": "MIT",
      "dependencies": {
        "@sinclair/typebox": "^0.34.0"
      }
    }
  }
}
